// !$*UTF8*$!
{
	archiveVersion = 1;
	classes = {
	};
	objectVersion = 56;
	objects = {

/* Begin PBXBuildFile section */
		659C04D12AC6D4C0000865D7 /* AppDelegate.swift in Sources */ = {isa = PBXBuildFile; fileRef = 659C04D02AC6D4C0000865D7 /* AppDelegate.swift */; };
		659C04D32AC6D4C0000865D7 /* SceneDelegate.swift in Sources */ = {isa = PBXBuildFile; fileRef = 659C04D22AC6D4C0000865D7 /* SceneDelegate.swift */; };
		659C04D82AC6D4C0000865D7 /* Main.storyboard in Resources */ = {isa = PBXBuildFile; fileRef = 659C04D62AC6D4C0000865D7 /* Main.storyboard */; };
		659C04DB2AC6D4C0000865D7 /* Connect4.xcdatamodeld in Sources */ = {isa = PBXBuildFile; fileRef = 659C04D92AC6D4C0000865D7 /* Connect4.xcdatamodeld */; };
		659C04DD2AC6D4C1000865D7 /* Assets.xcassets in Resources */ = {isa = PBXBuildFile; fileRef = 659C04DC2AC6D4C1000865D7 /* Assets.xcassets */; };
		659C04E02AC6D4C1000865D7 /* LaunchScreen.storyboard in Resources */ = {isa = PBXBuildFile; fileRef = 659C04DE2AC6D4C1000865D7 /* LaunchScreen.storyboard */; };
		65BE83CD2AC70A1F004AA520 /* Alpha0C4 in Frameworks */ = {isa = PBXBuildFile; productRef = 65BE83CC2AC70A1F004AA520 /* Alpha0C4 */; };
		96A9846F2B260A810015AF9F /* TableViewController.swift in Sources */ = {isa = PBXBuildFile; fileRef = 96A9846E2B260A810015AF9F /* TableViewController.swift */; };
		96A984772B2686D00015AF9F /* DiscView.swift in Sources */ = {isa = PBXBuildFile; fileRef = 96A984762B2686D00015AF9F /* DiscView.swift */; };
		96A984792B268CBA0015AF9F /* DiscBehavior.swift in Sources */ = {isa = PBXBuildFile; fileRef = 96A984782B268CBA0015AF9F /* DiscBehavior.swift */; };
		96A9847B2B268E200015AF9F /* BoardView.swift in Sources */ = {isa = PBXBuildFile; fileRef = 96A9847A2B268E200015AF9F /* BoardView.swift */; };
		96A9847D2B27A6F10015AF9F /* GameBoardVC.swift in Sources */ = {isa = PBXBuildFile; fileRef = 96A9847C2B27A6F10015AF9F /* GameBoardVC.swift */; };
		96FFA6D32B1FBC110097426E /* CoreDataDisc+CoreDataClass.swift in Sources */ = {isa = PBXBuildFile; fileRef = 96FFA6D22B1FBC110097426E /* CoreDataDisc+CoreDataClass.swift */; };
		96FFA6D52B1FBD8E0097426E /* CoreDataSession+CoreDataClass.swift in Sources */ = {isa = PBXBuildFile; fileRef = 96FFA6D42B1FBD8E0097426E /* CoreDataSession+CoreDataClass.swift */; };
/* End PBXBuildFile section */

/* Begin PBXFileReference section */
		659C04CD2AC6D4C0000865D7 /* Connect4.app */ = {isa = PBXFileReference; explicitFileType = wrapper.application; includeInIndex = 0; path = Connect4.app; sourceTree = BUILT_PRODUCTS_DIR; };
		659C04D02AC6D4C0000865D7 /* AppDelegate.swift */ = {isa = PBXFileReference; lastKnownFileType = sourcecode.swift; path = AppDelegate.swift; sourceTree = "<group>"; };
		659C04D22AC6D4C0000865D7 /* SceneDelegate.swift */ = {isa = PBXFileReference; lastKnownFileType = sourcecode.swift; path = SceneDelegate.swift; sourceTree = "<group>"; };
		659C04D72AC6D4C0000865D7 /* Base */ = {isa = PBXFileReference; lastKnownFileType = file.storyboard; name = Base; path = Base.lproj/Main.storyboard; sourceTree = "<group>"; };
		659C04DA2AC6D4C0000865D7 /* Connect4.xcdatamodel */ = {isa = PBXFileReference; lastKnownFileType = wrapper.xcdatamodel; path = Connect4.xcdatamodel; sourceTree = "<group>"; };
		659C04DC2AC6D4C1000865D7 /* Assets.xcassets */ = {isa = PBXFileReference; lastKnownFileType = folder.assetcatalog; path = Assets.xcassets; sourceTree = "<group>"; };
		659C04DF2AC6D4C1000865D7 /* Base */ = {isa = PBXFileReference; lastKnownFileType = file.storyboard; name = Base; path = Base.lproj/LaunchScreen.storyboard; sourceTree = "<group>"; };
		659C04E12AC6D4C1000865D7 /* Info.plist */ = {isa = PBXFileReference; lastKnownFileType = text.plist.xml; path = Info.plist; sourceTree = "<group>"; };
		659C04E72AC6D762000865D7 /* Alpha0C4 */ = {isa = PBXFileReference; lastKnownFileType = wrapper; path = Alpha0C4; sourceTree = "<group>"; };
		96A9846E2B260A810015AF9F /* TableViewController.swift */ = {isa = PBXFileReference; lastKnownFileType = sourcecode.swift; path = TableViewController.swift; sourceTree = "<group>"; };
		96A984762B2686D00015AF9F /* DiscView.swift */ = {isa = PBXFileReference; lastKnownFileType = sourcecode.swift; path = DiscView.swift; sourceTree = "<group>"; };
		96A984782B268CBA0015AF9F /* DiscBehavior.swift */ = {isa = PBXFileReference; lastKnownFileType = sourcecode.swift; path = DiscBehavior.swift; sourceTree = "<group>"; };
		96A9847A2B268E200015AF9F /* BoardView.swift */ = {isa = PBXFileReference; lastKnownFileType = sourcecode.swift; path = BoardView.swift; sourceTree = "<group>"; };
		96A9847C2B27A6F10015AF9F /* GameBoardVC.swift */ = {isa = PBXFileReference; lastKnownFileType = sourcecode.swift; path = GameBoardVC.swift; sourceTree = "<group>"; };
		96FFA6D22B1FBC110097426E /* CoreDataDisc+CoreDataClass.swift */ = {isa = PBXFileReference; lastKnownFileType = sourcecode.swift; path = "CoreDataDisc+CoreDataClass.swift"; sourceTree = "<group>"; };
		96FFA6D42B1FBD8E0097426E /* CoreDataSession+CoreDataClass.swift */ = {isa = PBXFileReference; lastKnownFileType = sourcecode.swift; path = "CoreDataSession+CoreDataClass.swift"; sourceTree = "<group>"; };
/* End PBXFileReference section */

/* Begin PBXFrameworksBuildPhase section */
		659C04CA2AC6D4C0000865D7 /* Frameworks */ = {
			isa = PBXFrameworksBuildPhase;
			buildActionMask = 2147483647;
			files = (
				65BE83CD2AC70A1F004AA520 /* Alpha0C4 in Frameworks */,
			);
			runOnlyForDeploymentPostprocessing = 0;
		};
/* End PBXFrameworksBuildPhase section */

/* Begin PBXGroup section */
		659C04C42AC6D4C0000865D7 = {
			isa = PBXGroup;
			children = (
				659C04E72AC6D762000865D7 /* Alpha0C4 */,
				659C04CF2AC6D4C0000865D7 /* Connect4 */,
				659C04CE2AC6D4C0000865D7 /* Products */,
				65BE83CB2AC70A1F004AA520 /* Frameworks */,
			);
			sourceTree = "<group>";
		};
		659C04CE2AC6D4C0000865D7 /* Products */ = {
			isa = PBXGroup;
			children = (
				659C04CD2AC6D4C0000865D7 /* Connect4.app */,
			);
			name = Products;
			sourceTree = "<group>";
		};
		659C04CF2AC6D4C0000865D7 /* Connect4 */ = {
			isa = PBXGroup;
			children = (
				659C04D02AC6D4C0000865D7 /* AppDelegate.swift */,
				659C04D22AC6D4C0000865D7 /* SceneDelegate.swift */,
				659C04D62AC6D4C0000865D7 /* Main.storyboard */,
				96A9847C2B27A6F10015AF9F /* GameBoardVC.swift */,
				96A9846E2B260A810015AF9F /* TableViewController.swift */,
				96A984762B2686D00015AF9F /* DiscView.swift */,
				96A984782B268CBA0015AF9F /* DiscBehavior.swift */,
				96A9847A2B268E200015AF9F /* BoardView.swift */,
				659C04DC2AC6D4C1000865D7 /* Assets.xcassets */,
				659C04DE2AC6D4C1000865D7 /* LaunchScreen.storyboard */,
				659C04E12AC6D4C1000865D7 /* Info.plist */,
				659C04D92AC6D4C0000865D7 /* Connect4.xcdatamodeld */,
				96FFA6D22B1FBC110097426E /* CoreDataDisc+CoreDataClass.swift */,
				96FFA6D42B1FBD8E0097426E /* CoreDataSession+CoreDataClass.swift */,
			);
			path = Connect4;
			sourceTree = "<group>";
		};
		65BE83CB2AC70A1F004AA520 /* Frameworks */ = {
			isa = PBXGroup;
			children = (
			);
			name = Frameworks;
			sourceTree = "<group>";
		};
/* End PBXGroup section */

/* Begin PBXNativeTarget section */
		659C04CC2AC6D4C0000865D7 /* Connect4 */ = {
			isa = PBXNativeTarget;
			buildConfigurationList = 659C04E42AC6D4C1000865D7 /* Build configuration list for PBXNativeTarget "Connect4" */;
			buildPhases = (
				659C04C92AC6D4C0000865D7 /* Sources */,
				659C04CA2AC6D4C0000865D7 /* Frameworks */,
				659C04CB2AC6D4C0000865D7 /* Resources */,
			);
			buildRules = (
			);
			dependencies = (
			);
			name = Connect4;
			packageProductDependencies = (
				65BE83CC2AC70A1F004AA520 /* Alpha0C4 */,
			);
			productName = Connect4;
			productReference = 659C04CD2AC6D4C0000865D7 /* Connect4.app */;
			productType = "com.apple.product-type.application";
		};
/* End PBXNativeTarget section */

/* Begin PBXProject section */
		659C04C52AC6D4C0000865D7 /* Project object */ = {
			isa = PBXProject;
			attributes = {
				BuildIndependentTargetsInParallel = 1;
				LastSwiftUpdateCheck = 1500;
				LastUpgradeCheck = 1500;
				TargetAttributes = {
					659C04CC2AC6D4C0000865D7 = {
						CreatedOnToolsVersion = 15.0;
					};
				};
			};
			buildConfigurationList = 659C04C82AC6D4C0000865D7 /* Build configuration list for PBXProject "Connect4" */;
			compatibilityVersion = "Xcode 14.0";
			developmentRegion = en;
			hasScannedForEncodings = 0;
			knownRegions = (
				en,
				Base,
			);
			mainGroup = 659C04C42AC6D4C0000865D7;
			productRefGroup = 659C04CE2AC6D4C0000865D7 /* Products */;
			projectDirPath = "";
			projectRoot = "";
			targets = (
				659C04CC2AC6D4C0000865D7 /* Connect4 */,
			);
		};
/* End PBXProject section */

/* Begin PBXResourcesBuildPhase section */
		659C04CB2AC6D4C0000865D7 /* Resources */ = {
			isa = PBXResourcesBuildPhase;
			buildActionMask = 2147483647;
			files = (
				659C04E02AC6D4C1000865D7 /* LaunchScreen.storyboard in Resources */,
				659C04DD2AC6D4C1000865D7 /* Assets.xcassets in Resources */,
				659C04D82AC6D4C0000865D7 /* Main.storyboard in Resources */,
			);
			runOnlyForDeploymentPostprocessing = 0;
		};
/* End PBXResourcesBuildPhase section */

/* Begin PBXSourcesBuildPhase section */
		659C04C92AC6D4C0000865D7 /* Sources */ = {
			isa = PBXSourcesBuildPhase;
			buildActionMask = 2147483647;
			files = (
				96FFA6D32B1FBC110097426E /* CoreDataDisc+CoreDataClass.swift in Sources */,
				96A984792B268CBA0015AF9F /* DiscBehavior.swift in Sources */,
				96A9847D2B27A6F10015AF9F /* GameBoardVC.swift in Sources */,
				96A9846F2B260A810015AF9F /* TableViewController.swift in Sources */,
				659C04D12AC6D4C0000865D7 /* AppDelegate.swift in Sources */,
				659C04D32AC6D4C0000865D7 /* SceneDelegate.swift in Sources */,
				659C04DB2AC6D4C0000865D7 /* Connect4.xcdatamodeld in Sources */,
				96A9847B2B268E200015AF9F /* BoardView.swift in Sources */,
				96FFA6D52B1FBD8E0097426E /* CoreDataSession+CoreDataClass.swift in Sources */,
				96A984772B2686D00015AF9F /* DiscView.swift in Sources */,
			);
			runOnlyForDeploymentPostprocessing = 0;
		};
/* End PBXSourcesBuildPhase section */

/* Begin PBXVariantGroup section */
		659C04D62AC6D4C0000865D7 /* Main.storyboard */ = {
			isa = PBXVariantGroup;
			children = (
				659C04D72AC6D4C0000865D7 /* Base */,
			);
			name = Main.storyboard;
			sourceTree = "<group>";
		};
		659C04DE2AC6D4C1000865D7 /* LaunchScreen.storyboard */ = {
			isa = PBXVariantGroup;
			children = (
				659C04DF2AC6D4C1000865D7 /* Base */,
			);
			name = LaunchScreen.storyboard;
			sourceTree = "<group>";
		};
/* End PBXVariantGroup section */

/* Begin XCBuildConfiguration section */
		659C04E22AC6D4C1000865D7 /* Debug */ = {
			isa = XCBuildConfiguration;
			buildSettings = {
				ALWAYS_SEARCH_USER_PATHS = NO;
				ASSETCATALOG_COMPILER_GENERATE_SWIFT_ASSET_SYMBOL_EXTENSIONS = YES;
				CLANG_ANALYZER_NONNULL = YES;
				CLANG_ANALYZER_NUMBER_OBJECT_CONVERSION = YES_AGGRESSIVE;
				CLANG_CXX_LANGUAGE_STANDARD = "gnu++20";
				CLANG_ENABLE_MODULES = YES;
				CLANG_ENABLE_OBJC_ARC = YES;
				CLANG_ENABLE_OBJC_WEAK = YES;
				CLANG_WARN_BLOCK_CAPTURE_AUTORELEASING = YES;
				CLANG_WARN_BOOL_CONVERSION = YES;
				CLANG_WARN_COMMA = YES;
				CLANG_WARN_CONSTANT_CONVERSION = YES;
				CLANG_WARN_DEPRECATED_OBJC_IMPLEMENTATIONS = YES;
				CLANG_WARN_DIRECT_OBJC_ISA_USAGE = YES_ERROR;
				CLANG_WARN_DOCUMENTATION_COMMENTS = YES;
				CLANG_WARN_EMPTY_BODY = YES;
				CLANG_WARN_ENUM_CONVERSION = YES;
				CLANG_WARN_INFINITE_RECURSION = YES;
				CLANG_WARN_INT_CONVERSION = YES;
				CLANG_WARN_NON_LITERAL_NULL_CONVERSION = YES;
				CLANG_WARN_OBJC_IMPLICIT_RETAIN_SELF = YES;
				CLANG_WARN_OBJC_LITERAL_CONVERSION = YES;
				CLANG_WARN_OBJC_ROOT_CLASS = YES_ERROR;
				CLANG_WARN_QUOTED_INCLUDE_IN_FRAMEWORK_HEADER = YES;
				CLANG_WARN_RANGE_LOOP_ANALYSIS = YES;
				CLANG_WARN_STRICT_PROTOTYPES = YES;
				CLANG_WARN_SUSPICIOUS_MOVE = YES;
				CLANG_WARN_UNGUARDED_AVAILABILITY = YES_AGGRESSIVE;
				CLANG_WARN_UNREACHABLE_CODE = YES;
				CLANG_WARN__DUPLICATE_METHOD_MATCH = YES;
				COPY_PHASE_STRIP = NO;
				DEBUG_INFORMATION_FORMAT = dwarf;
				ENABLE_STRICT_OBJC_MSGSEND = YES;
				ENABLE_TESTABILITY = YES;
				ENABLE_USER_SCRIPT_SANDBOXING = YES;
				GCC_C_LANGUAGE_STANDARD = gnu17;
				GCC_DYNAMIC_NO_PIC = NO;
				GCC_NO_COMMON_BLOCKS = YES;
				GCC_OPTIMIZATION_LEVEL = 0;
				GCC_PREPROCESSOR_DEFINITIONS = (
					"DEBUG=1",
					"$(inherited)",
				);
				GCC_WARN_64_TO_32_BIT_CONVERSION = YES;
				GCC_WARN_ABOUT_RETURN_TYPE = YES_ERROR;
				GCC_WARN_UNDECLARED_SELECTOR = YES;
				GCC_WARN_UNINITIALIZED_AUTOS = YES_AGGRESSIVE;
				GCC_WARN_UNUSED_FUNCTION = YES;
				GCC_WARN_UNUSED_VARIABLE = YES;
				IPHONEOS_DEPLOYMENT_TARGET = 17.0;
				LOCALIZATION_PREFERS_STRING_CATALOGS = YES;
				MTL_ENABLE_DEBUG_INFO = INCLUDE_SOURCE;
				MTL_FAST_MATH = YES;
				ONLY_ACTIVE_ARCH = YES;
				SDKROOT = iphoneos;
				SWIFT_ACTIVE_COMPILATION_CONDITIONS = "DEBUG $(inherited)";
				SWIFT_OPTIMIZATION_LEVEL = "-Onone";
			};
			name = Debug;
		};
		659C04E32AC6D4C1000865D7 /* Release */ = {
			isa = XCBuildConfiguration;
			buildSettings = {
				ALWAYS_SEARCH_USER_PATHS = NO;
				ASSETCATALOG_COMPILER_GENERATE_SWIFT_ASSET_SYMBOL_EXTENSIONS = YES;
				CLANG_ANALYZER_NONNULL = YES;
				CLANG_ANALYZER_NUMBER_OBJECT_CONVERSION = YES_AGGRESSIVE;
				CLANG_CXX_LANGUAGE_STANDARD = "gnu++20";
				CLANG_ENABLE_MODULES = YES;
				CLANG_ENABLE_OBJC_ARC = YES;
				CLANG_ENABLE_OBJC_WEAK = YES;
				CLANG_WARN_BLOCK_CAPTURE_AUTORELEASING = YES;
				CLANG_WARN_BOOL_CONVERSION = YES;
				CLANG_WARN_COMMA = YES;
				CLANG_WARN_CONSTANT_CONVERSION = YES;
				CLANG_WARN_DEPRECATED_OBJC_IMPLEMENTATIONS = YES;
				CLANG_WARN_DIRECT_OBJC_ISA_USAGE = YES_ERROR;
				CLANG_WARN_DOCUMENTATION_COMMENTS = YES;
				CLANG_WARN_EMPTY_BODY = YES;
				CLANG_WARN_ENUM_CONVERSION = YES;
				CLANG_WARN_INFINITE_RECURSION = YES;
				CLANG_WARN_INT_CONVERSION = YES;
				CLANG_WARN_NON_LITERAL_NULL_CONVERSION = YES;
				CLANG_WARN_OBJC_IMPLICIT_RETAIN_SELF = YES;
				CLANG_WARN_OBJC_LITERAL_CONVERSION = YES;
				CLANG_WARN_OBJC_ROOT_CLASS = YES_ERROR;
				CLANG_WARN_QUOTED_INCLUDE_IN_FRAMEWORK_HEADER = YES;
				CLANG_WARN_RANGE_LOOP_ANALYSIS = YES;
				CLANG_WARN_STRICT_PROTOTYPES = YES;
				CLANG_WARN_SUSPICIOUS_MOVE = YES;
				CLANG_WARN_UNGUARDED_AVAILABILITY = YES_AGGRESSIVE;
				CLANG_WARN_UNREACHABLE_CODE = YES;
				CLANG_WARN__DUPLICATE_METHOD_MATCH = YES;
				COPY_PHASE_STRIP = NO;
				DEBUG_INFORMATION_FORMAT = "dwarf-with-dsym";
				ENABLE_NS_ASSERTIONS = NO;
				ENABLE_STRICT_OBJC_MSGSEND = YES;
				ENABLE_USER_SCRIPT_SANDBOXING = YES;
				GCC_C_LANGUAGE_STANDARD = gnu17;
				GCC_NO_COMMON_BLOCKS = YES;
				GCC_WARN_64_TO_32_BIT_CONVERSION = YES;
				GCC_WARN_ABOUT_RETURN_TYPE = YES_ERROR;
				GCC_WARN_UNDECLARED_SELECTOR = YES;
				GCC_WARN_UNINITIALIZED_AUTOS = YES_AGGRESSIVE;
				GCC_WARN_UNUSED_FUNCTION = YES;
				GCC_WARN_UNUSED_VARIABLE = YES;
				IPHONEOS_DEPLOYMENT_TARGET = 17.0;
				LOCALIZATION_PREFERS_STRING_CATALOGS = YES;
				MTL_ENABLE_DEBUG_INFO = NO;
				MTL_FAST_MATH = YES;
				SDKROOT = iphoneos;
				SWIFT_COMPILATION_MODE = wholemodule;
				VALIDATE_PRODUCT = YES;
			};
			name = Release;
		};
		659C04E52AC6D4C1000865D7 /* Debug */ = {
			isa = XCBuildConfiguration;
			buildSettings = {
				ASSETCATALOG_COMPILER_APPICON_NAME = AppIcon;
				ASSETCATALOG_COMPILER_GLOBAL_ACCENT_COLOR_NAME = AccentColor;
				CODE_SIGN_STYLE = Automatic;
				CURRENT_PROJECT_VERSION = 1;
				DEVELOPMENT_TEAM = QJJ8RUJ7UW;
				GENERATE_INFOPLIST_FILE = YES;
				INFOPLIST_FILE = Connect4/Info.plist;
				INFOPLIST_KEY_UIApplicationSupportsIndirectInputEvents = YES;
				INFOPLIST_KEY_UILaunchStoryboardName = LaunchScreen;
				INFOPLIST_KEY_UIMainStoryboardFile = Main;
				INFOPLIST_KEY_UISupportedInterfaceOrientations_iPad = "UIInterfaceOrientationPortrait UIInterfaceOrientationPortraitUpsideDown UIInterfaceOrientationLandscapeLeft UIInterfaceOrientationLandscapeRight";
				INFOPLIST_KEY_UISupportedInterfaceOrientations_iPhone = "UIInterfaceOrientationPortrait UIInterfaceOrientationLandscapeLeft UIInterfaceOrientationLandscapeRight";
				LD_RUNPATH_SEARCH_PATHS = (
					"$(inherited)",
					"@executable_path/Frameworks",
				);
				MARKETING_VERSION = 1.0;
				PRODUCT_BUNDLE_IDENTIFIER = ie.ucd.cs.comp47390.Connect4;
				PRODUCT_NAME = "$(TARGET_NAME)";
				SWIFT_EMIT_LOC_STRINGS = YES;
				SWIFT_VERSION = 5.0;
				TARGETED_DEVICE_FAMILY = "1,2";
			};
			name = Debug;
		};
		659C04E62AC6D4C1000865D7 /* Release */ = {
			isa = XCBuildConfiguration;
			buildSettings = {
				ASSETCATALOG_COMPILER_APPICON_NAME = AppIcon;
				ASSETCATALOG_COMPILER_GLOBAL_ACCENT_COLOR_NAME = AccentColor;
				CODE_SIGN_STYLE = Automatic;
				CURRENT_PROJECT_VERSION = 1;
				DEVELOPMENT_TEAM = QJJ8RUJ7UW;
				GENERATE_INFOPLIST_FILE = YES;
				INFOPLIST_FILE = Connect4/Info.plist;
				INFOPLIST_KEY_UIApplicationSupportsIndirectInputEvents = YES;
				INFOPLIST_KEY_UILaunchStoryboardName = LaunchScreen;
				INFOPLIST_KEY_UIMainStoryboardFile = Main;
				INFOPLIST_KEY_UISupportedInterfaceOrientations_iPad = "UIInterfaceOrientationPortrait UIInterfaceOrientationPortraitUpsideDown UIInterfaceOrientationLandscapeLeft UIInterfaceOrientationLandscapeRight";
				INFOPLIST_KEY_UISupportedInterfaceOrientations_iPhone = "UIInterfaceOrientationPortrait UIInterfaceOrientationLandscapeLeft UIInterfaceOrientationLandscapeRight";
				LD_RUNPATH_SEARCH_PATHS = (
					"$(inherited)",
					"@executable_path/Frameworks",
				);
				MARKETING_VERSION = 1.0;
				PRODUCT_BUNDLE_IDENTIFIER = ie.ucd.cs.comp47390.Connect4;
				PRODUCT_NAME = "$(TARGET_NAME)";
				SWIFT_EMIT_LOC_STRINGS = YES;
				SWIFT_VERSION = 5.0;
				TARGETED_DEVICE_FAMILY = "1,2";
			};
			name = Release;
		};
/* End XCBuildConfiguration section */

/* Begin XCConfigurationList section */
		659C04C82AC6D4C0000865D7 /* Build configuration list for PBXProject "Connect4" */ = {
			isa = XCConfigurationList;
			buildConfigurations = (
				659C04E22AC6D4C1000865D7 /* Debug */,
				659C04E32AC6D4C1000865D7 /* Release */,
			);
			defaultConfigurationIsVisible = 0;
			defaultConfigurationName = Release;
		};
		659C04E42AC6D4C1000865D7 /* Build configuration list for PBXNativeTarget "Connect4" */ = {
			isa = XCConfigurationList;
			buildConfigurations = (
				659C04E52AC6D4C1000865D7 /* Debug */,
				659C04E62AC6D4C1000865D7 /* Release */,
			);
			defaultConfigurationIsVisible = 0;
			defaultConfigurationName = Release;
		};
/* End XCConfigurationList section */

/* Begin XCSwiftPackageProductDependency section */
		65BE83CC2AC70A1F004AA520 /* Alpha0C4 */ = {
			isa = XCSwiftPackageProductDependency;
			productName = Alpha0C4;
		};
/* End XCSwiftPackageProductDependency section */

/* Begin XCVersionGroup section */
		659C04D92AC6D4C0000865D7 /* Connect4.xcdatamodeld */ = {
			isa = XCVersionGroup;
			children = (
				659C04DA2AC6D4C0000865D7 /* Connect4.xcdatamodel */,
			);
			currentVersion = 659C04DA2AC6D4C0000865D7 /* Connect4.xcdatamodel */;
			path = Connect4.xcdatamodeld;
			sourceTree = "<group>";
			usesTabs = 0;
			versionGroupType = wrapper.xcdatamodel;
		};
/* End XCVersionGroup section */
	};
	rootObject = 659C04C52AC6D4C0000865D7 /* Project object */;
}
